// !$*UTF8*$!
{
	archiveVersion = 1;
	classes = {
	};
	objectVersion = 46;
	objects = {

/* Begin PBXBuildFile section */
		FD4B852D1EAA278100473A42 /* AppDelegate.swift in Sources */ = {isa = PBXBuildFile; fileRef = FD4B852C1EAA278100473A42 /* AppDelegate.swift */; };
		FD4B852F1EAA278100473A42 /* ViewController.swift in Sources */ = {isa = PBXBuildFile; fileRef = FD4B852E1EAA278100473A42 /* ViewController.swift */; };
		FD4B85321EAA278100473A42 /* Main.storyboard in Resources */ = {isa = PBXBuildFile; fileRef = FD4B85301EAA278100473A42 /* Main.storyboard */; };
		FD4B85351EAA278100473A42 /* CoreDataLesson.xcdatamodeld in Sources */ = {isa = PBXBuildFile; fileRef = FD4B85331EAA278100473A42 /* CoreDataLesson.xcdatamodeld */; };
		FD4B85371EAA278100473A42 /* Assets.xcassets in Resources */ = {isa = PBXBuildFile; fileRef = FD4B85361EAA278100473A42 /* Assets.xcassets */; };
		FD4B853A1EAA278100473A42 /* LaunchScreen.storyboard in Resources */ = {isa = PBXBuildFile; fileRef = FD4B85381EAA278100473A42 /* LaunchScreen.storyboard */; };
		FD4B85421EAA2A0200473A42 /* CoreDataStore.swift in Sources */ = {isa = PBXBuildFile; fileRef = FD4B85411EAA2A0200473A42 /* CoreDataStore.swift */; };
		FD4B85441EAA2AA000473A42 /* Reddit.swift in Sources */ = {isa = PBXBuildFile; fileRef = FD4B85431EAA2AA000473A42 /* Reddit.swift */; };
		FDC7D3E81EACA4F50019952B /* plain.png in Resources */ = {isa = PBXBuildFile; fileRef = FDC7D3E51EACA4F50019952B /* plain.png */; };
		FDC7D3E91EACA4F50019952B /* sad.png in Resources */ = {isa = PBXBuildFile; fileRef = FDC7D3E61EACA4F50019952B /* sad.png */; };
		FDC7D3EA1EACA4F50019952B /* smile.png in Resources */ = {isa = PBXBuildFile; fileRef = FDC7D3E71EACA4F50019952B /* smile.png */; };
/* End PBXBuildFile section */

/* Begin PBXFileReference section */
		FD4B85291EAA278100473A42 /* CoreDataLesson.app */ = {isa = PBXFileReference; explicitFileType = wrapper.application; includeInIndex = 0; path = CoreDataLesson.app; sourceTree = BUILT_PRODUCTS_DIR; };
		FD4B852C1EAA278100473A42 /* AppDelegate.swift */ = {isa = PBXFileReference; lastKnownFileType = sourcecode.swift; path = AppDelegate.swift; sourceTree = "<group>"; };
		FD4B852E1EAA278100473A42 /* ViewController.swift */ = {isa = PBXFileReference; lastKnownFileType = sourcecode.swift; path = ViewController.swift; sourceTree = "<group>"; };
		FD4B85311EAA278100473A42 /* Base */ = {isa = PBXFileReference; lastKnownFileType = file.storyboard; name = Base; path = Base.lproj/Main.storyboard; sourceTree = "<group>"; };
		FD4B85341EAA278100473A42 /* CoreDataLesson.xcdatamodel */ = {isa = PBXFileReference; lastKnownFileType = wrapper.xcdatamodel; path = CoreDataLesson.xcdatamodel; sourceTree = "<group>"; };
		FD4B85361EAA278100473A42 /* Assets.xcassets */ = {isa = PBXFileReference; lastKnownFileType = folder.assetcatalog; path = Assets.xcassets; sourceTree = "<group>"; };
		FD4B85391EAA278100473A42 /* Base */ = {isa = PBXFileReference; lastKnownFileType = file.storyboard; name = Base; path = Base.lproj/LaunchScreen.storyboard; sourceTree = "<group>"; };
		FD4B853B1EAA278100473A42 /* Info.plist */ = {isa = PBXFileReference; lastKnownFileType = text.plist.xml; path = Info.plist; sourceTree = "<group>"; };
		FD4B85411EAA2A0200473A42 /* CoreDataStore.swift */ = {isa = PBXFileReference; fileEncoding = 4; lastKnownFileType = sourcecode.swift; path = CoreDataStore.swift; sourceTree = "<group>"; };
		FD4B85431EAA2AA000473A42 /* Reddit.swift */ = {isa = PBXFileReference; fileEncoding = 4; lastKnownFileType = sourcecode.swift; path = Reddit.swift; sourceTree = "<group>"; };
		FDC7D3E51EACA4F50019952B /* plain.png */ = {isa = PBXFileReference; lastKnownFileType = image.png; path = plain.png; sourceTree = "<group>"; };
		FDC7D3E61EACA4F50019952B /* sad.png */ = {isa = PBXFileReference; lastKnownFileType = image.png; path = sad.png; sourceTree = "<group>"; };
		FDC7D3E71EACA4F50019952B /* smile.png */ = {isa = PBXFileReference; lastKnownFileType = image.png; path = smile.png; sourceTree = "<group>"; };
/* End PBXFileReference section */

/* Begin PBXFrameworksBuildPhase section */
		FD4B85261EAA278100473A42 /* Frameworks */ = {
			isa = PBXFrameworksBuildPhase;
			buildActionMask = 2147483647;
			files = (
			);
			runOnlyForDeploymentPostprocessing = 0;
		};
/* End PBXFrameworksBuildPhase section */

/* Begin PBXGroup section */
		FD4B85201EAA278100473A42 = {
			isa = PBXGroup;
			children = (
				FD4B852B1EAA278100473A42 /* CoreDataLesson */,
				FD4B852A1EAA278100473A42 /* Products */,
			);
			sourceTree = "<group>";
		};
		FD4B852A1EAA278100473A42 /* Products */ = {
			isa = PBXGroup;
			children = (
				FD4B85291EAA278100473A42 /* CoreDataLesson.app */,
			);
			name = Products;
			sourceTree = "<group>";
		};
		FD4B852B1EAA278100473A42 /* CoreDataLesson */ = {
			isa = PBXGroup;
			children = (
				FD4B852C1EAA278100473A42 /* AppDelegate.swift */,
				FD4B852E1EAA278100473A42 /* ViewController.swift */,
				FD4B85301EAA278100473A42 /* Main.storyboard */,
				FDC7D3E41EACA4F50019952B /* Images */,
				FD4B85411EAA2A0200473A42 /* CoreDataStore.swift */,
				FD4B85431EAA2AA000473A42 /* Reddit.swift */,
				FD4B85361EAA278100473A42 /* Assets.xcassets */,
				FD4B85381EAA278100473A42 /* LaunchScreen.storyboard */,
				FD4B853B1EAA278100473A42 /* Info.plist */,
				FD4B85331EAA278100473A42 /* CoreDataLesson.xcdatamodeld */,
			);
			path = CoreDataLesson;
			sourceTree = "<group>";
		};
		FDC7D3E41EACA4F50019952B /* Images */ = {
			isa = PBXGroup;
			children = (
				FDC7D3E51EACA4F50019952B /* plain.png */,
				FDC7D3E61EACA4F50019952B /* sad.png */,
				FDC7D3E71EACA4F50019952B /* smile.png */,
			);
			path = Images;
			sourceTree = "<group>";
		};
/* End PBXGroup section */

/* Begin PBXNativeTarget section */
		FD4B85281EAA278100473A42 /* CoreDataLesson */ = {
			isa = PBXNativeTarget;
			buildConfigurationList = FD4B853E1EAA278100473A42 /* Build configuration list for PBXNativeTarget "CoreDataLesson" */;
			buildPhases = (
				FD4B85251EAA278100473A42 /* Sources */,
				FD4B85261EAA278100473A42 /* Frameworks */,
				FD4B85271EAA278100473A42 /* Resources */,
			);
			buildRules = (
			);
			dependencies = (
			);
			name = CoreDataLesson;
			productName = CoreDataLesson;
			productReference = FD4B85291EAA278100473A42 /* CoreDataLesson.app */;
			productType = "com.apple.product-type.application";
		};
/* End PBXNativeTarget section */

/* Begin PBXProject section */
		FD4B85211EAA278100473A42 /* Project object */ = {
			isa = PBXProject;
			attributes = {
				LastSwiftUpdateCheck = 0830;
				LastUpgradeCheck = 0830;
				ORGANIZATIONNAME = "MP Mac";
				TargetAttributes = {
					FD4B85281EAA278100473A42 = {
						CreatedOnToolsVersion = 8.3.2;
						ProvisioningStyle = Automatic;
					};
				};
			};
			buildConfigurationList = FD4B85241EAA278100473A42 /* Build configuration list for PBXProject "CoreDataLesson" */;
			compatibilityVersion = "Xcode 3.2";
			developmentRegion = English;
			hasScannedForEncodings = 0;
			knownRegions = (
				en,
				Base,
			);
			mainGroup = FD4B85201EAA278100473A42;
			productRefGroup = FD4B852A1EAA278100473A42 /* Products */;
			projectDirPath = "";
			projectRoot = "";
			targets = (
				FD4B85281EAA278100473A42 /* CoreDataLesson */,
			);
		};
/* End PBXProject section */

/* Begin PBXResourcesBuildPhase section */
		FD4B85271EAA278100473A42 /* Resources */ = {
			isa = PBXResourcesBuildPhase;
			buildActionMask = 2147483647;
			files = (
				FDC7D3E81EACA4F50019952B /* plain.png in Resources */,
				FD4B853A1EAA278100473A42 /* LaunchScreen.storyboard in Resources */,
				FDC7D3E91EACA4F50019952B /* sad.png in Resources */,
				FD4B85371EAA278100473A42 /* Assets.xcassets in Resources */,
				FDC7D3EA1EACA4F50019952B /* smile.png in Resources */,
				FD4B85321EAA278100473A42 /* Main.storyboard in Resources */,
			);
			runOnlyForDeploymentPostprocessing = 0;
		};
/* End PBXResourcesBuildPhase section */

/* Begin PBXSourcesBuildPhase section */
		FD4B85251EAA278100473A42 /* Sources */ = {
			isa = PBXSourcesBuildPhase;
			buildActionMask = 2147483647;
			files = (
				FD4B85441EAA2AA000473A42 /* Reddit.swift in Sources */,
				FD4B852F1EAA278100473A42 /* ViewController.swift in Sources */,
				FD4B852D1EAA278100473A42 /* AppDelegate.swift in Sources */,
				FD4B85421EAA2A0200473A42 /* CoreDataStore.swift in Sources */,
				FD4B85351EAA278100473A42 /* CoreDataLesson.xcdatamodeld in Sources */,
			);
			runOnlyForDeploymentPostprocessing = 0;
		};
/* End PBXSourcesBuildPhase section */

/* Begin PBXVariantGroup section */
		FD4B85301EAA278100473A42 /* Main.storyboard */ = {
			isa = PBXVariantGroup;
			children = (
				FD4B85311EAA278100473A42 /* Base */,
			);
			name = Main.storyboard;
			sourceTree = "<group>";
		};
		FD4B85381EAA278100473A42 /* LaunchScreen.storyboard */ = {
			isa = PBXVariantGroup;
			children = (
				FD4B85391EAA278100473A42 /* Base */,
			);
			name = LaunchScreen.storyboard;
			sourceTree = "<group>";
		};
/* End PBXVariantGroup section */

/* Begin XCBuildConfiguration section */
		FD4B853C1EAA278100473A42 /* Debug */ = {
			isa = XCBuildConfiguration;
			buildSettings = {
				ALWAYS_SEARCH_USER_PATHS = NO;
				CLANG_ANALYZER_NONNULL = YES;
				CLANG_ANALYZER_NUMBER_OBJECT_CONVERSION = YES_AGGRESSIVE;
				CLANG_CXX_LANGUAGE_STANDARD = "gnu++0x";
				CLANG_CXX_LIBRARY = "libc++";
				CLANG_ENABLE_MODULES = YES;
				CLANG_ENABLE_OBJC_ARC = YES;
				CLANG_WARN_BOOL_CONVERSION = YES;
				CLANG_WARN_CONSTANT_CONVERSION = YES;
				CLANG_WARN_DIRECT_OBJC_ISA_USAGE = YES_ERROR;
				CLANG_WARN_DOCUMENTATION_COMMENTS = YES;
				CLANG_WARN_EMPTY_BODY = YES;
				CLANG_WARN_ENUM_CONVERSION = YES;
				CLANG_WARN_INFINITE_RECURSION = YES;
				CLANG_WARN_INT_CONVERSION = YES;
				CLANG_WARN_OBJC_ROOT_CLASS = YES_ERROR;
				CLANG_WARN_SUSPICIOUS_MOVE = YES;
				CLANG_WARN_UNREACHABLE_CODE = YES;
				CLANG_WARN__DUPLICATE_METHOD_MATCH = YES;
				"CODE_SIGN_IDENTITY[sdk=iphoneos*]" = "iPhone Developer";
				COPY_PHASE_STRIP = NO;
				DEBUG_INFORMATION_FORMAT = dwarf;
				ENABLE_STRICT_OBJC_MSGSEND = YES;
				ENABLE_TESTABILITY = YES;
				GCC_C_LANGUAGE_STANDARD = gnu99;
				GCC_DYNAMIC_NO_PIC = NO;
				GCC_NO_COMMON_BLOCKS = YES;
				GCC_OPTIMIZATION_LEVEL = 0;
				GCC_PREPROCESSOR_DEFINITIONS = (
					"DEBUG=1",
					"$(inherited)",
				);
				GCC_WARN_64_TO_32_BIT_CONVERSION = YES;
				GCC_WARN_ABOUT_RETURN_TYPE = YES_ERROR;
				GCC_WARN_UNDECLARED_SELECTOR = YES;
				GCC_WARN_UNINITIALIZED_AUTOS = YES_AGGRESSIVE;
				GCC_WARN_UNUSED_FUNCTION = YES;
				GCC_WARN_UNUSED_VARIABLE = YES;
				IPHONEOS_DEPLOYMENT_TARGET = 10.3;
				MTL_ENABLE_DEBUG_INFO = YES;
				ONLY_ACTIVE_ARCH = YES;
				SDKROOT = iphoneos;
				SWIFT_ACTIVE_COMPILATION_CONDITIONS = DEBUG;
				SWIFT_OPTIMIZATION_LEVEL = "-Onone";
			};
			name = Debug;
		};
		FD4B853D1EAA278100473A42 /* Release */ = {
			isa = XCBuildConfiguration;
			buildSettings = {
				ALWAYS_SEARCH_USER_PATHS = NO;
				CLANG_ANALYZER_NONNULL = YES;
				CLANG_ANALYZER_NUMBER_OBJECT_CONVERSION = YES_AGGRESSIVE;
				CLANG_CXX_LANGUAGE_STANDARD = "gnu++0x";
				CLANG_CXX_LIBRARY = "libc++";
				CLANG_ENABLE_MODULES = YES;
				CLANG_ENABLE_OBJC_ARC = YES;
				CLANG_WARN_BOOL_CONVERSION = YES;
				CLANG_WARN_CONSTANT_CONVERSION = YES;
				CLANG_WARN_DIRECT_OBJC_ISA_USAGE = YES_ERROR;
				CLANG_WARN_DOCUMENTATION_COMMENTS = YES;
				CLANG_WARN_EMPTY_BODY = YES;
				CLANG_WARN_ENUM_CONVERSION = YES;
				CLANG_WARN_INFINITE_RECURSION = YES;
				CLANG_WARN_INT_CONVERSION = YES;
				CLANG_WARN_OBJC_ROOT_CLASS = YES_ERROR;
				CLANG_WARN_SUSPICIOUS_MOVE = YES;
				CLANG_WARN_UNREACHABLE_CODE = YES;
				CLANG_WARN__DUPLICATE_METHOD_MATCH = YES;
				"CODE_SIGN_IDENTITY[sdk=iphoneos*]" = "iPhone Developer";
				COPY_PHASE_STRIP = NO;
				DEBUG_INFORMATION_FORMAT = "dwarf-with-dsym";
				ENABLE_NS_ASSERTIONS = NO;
				ENABLE_STRICT_OBJC_MSGSEND = YES;
				GCC_C_LANGUAGE_STANDARD = gnu99;
				GCC_NO_COMMON_BLOCKS = YES;
				GCC_WARN_64_TO_32_BIT_CONVERSION = YES;
				GCC_WARN_ABOUT_RETURN_TYPE = YES_ERROR;
				GCC_WARN_UNDECLARED_SELECTOR = YES;
				GCC_WARN_UNINITIALIZED_AUTOS = YES_AGGRESSIVE;
				GCC_WARN_UNUSED_FUNCTION = YES;
				GCC_WARN_UNUSED_VARIABLE = YES;
				IPHONEOS_DEPLOYMENT_TARGET = 10.3;
				MTL_ENABLE_DEBUG_INFO = NO;
				SDKROOT = iphoneos;
				SWIFT_OPTIMIZATION_LEVEL = "-Owholemodule";
				VALIDATE_PRODUCT = YES;
			};
			name = Release;
		};
		FD4B853F1EAA278100473A42 /* Debug */ = {
			isa = XCBuildConfiguration;
			buildSettings = {
				ASSETCATALOG_COMPILER_APPICON_NAME = AppIcon;
				INFOPLIST_FILE = CoreDataLesson/Info.plist;
				IPHONEOS_DEPLOYMENT_TARGET = 10.0;
				LD_RUNPATH_SEARCH_PATHS = "$(inherited) @executable_path/Frameworks";
				PRODUCT_BUNDLE_IDENTIFIER = com.mpetkevic.CoreDataLesson;
				PRODUCT_NAME = "$(TARGET_NAME)";
				SWIFT_VERSION = 3.0;
			};
			name = Debug;
		};
		FD4B85401EAA278100473A42 /* Release */ = {
			isa = XCBuildConfiguration;
			buildSettings = {
				ASSETCATALOG_COMPILER_APPICON_NAME = AppIcon;
				INFOPLIST_FILE = CoreDataLesson/Info.plist;
				IPHONEOS_DEPLOYMENT_TARGET = 10.0;
				LD_RUNPATH_SEARCH_PATHS = "$(inherited) @executable_path/Frameworks";
				PRODUCT_BUNDLE_IDENTIFIER = com.mpetkevic.CoreDataLesson;
				PRODUCT_NAME = "$(TARGET_NAME)";
				SWIFT_VERSION = 3.0;
			};
			name = Release;
		};
/* End XCBuildConfiguration section */

/* Begin XCConfigurationList section */
		FD4B85241EAA278100473A42 /* Build configuration list for PBXProject "CoreDataLesson" */ = {
			isa = XCConfigurationList;
			buildConfigurations = (
				FD4B853C1EAA278100473A42 /* Debug */,
				FD4B853D1EAA278100473A42 /* Release */,
			);
			defaultConfigurationIsVisible = 0;
			defaultConfigurationName = Release;
		};
		FD4B853E1EAA278100473A42 /* Build configuration list for PBXNativeTarget "CoreDataLesson" */ = {
			isa = XCConfigurationList;
			buildConfigurations = (
				FD4B853F1EAA278100473A42 /* Debug */,
				FD4B85401EAA278100473A42 /* Release */,
			);
			defaultConfigurationIsVisible = 0;
			defaultConfigurationName = Release;
		};
/* End XCConfigurationList section */

/* Begin XCVersionGroup section */
		FD4B85331EAA278100473A42 /* CoreDataLesson.xcdatamodeld */ = {
			isa = XCVersionGroup;
			children = (
				FD4B85341EAA278100473A42 /* CoreDataLesson.xcdatamodel */,
			);
			currentVersion = FD4B85341EAA278100473A42 /* CoreDataLesson.xcdatamodel */;
			path = CoreDataLesson.xcdatamodeld;
			sourceTree = "<group>";
			versionGroupType = wrapper.xcdatamodel;
		};
/* End XCVersionGroup section */
	};
	rootObject = FD4B85211EAA278100473A42 /* Project object */;
}
